
Microsoft Visual Studio Solution File, Format Version 12.00
# Visual Studio Version 16
VisualStudioVersion = 16.0.31829.152
MinimumVisualStudioVersion = 10.0.40219.1
Project("{FAE04EC0-301F-11D3-BF4B-00C04F79EFBC}") = "ProjectSagaAlva", "ProjectSagaAlva\ProjectSagaAlva.csproj", "{52680BE3-0AD2-4D79-AFAD-71648242CB01}"
EndProject
Global
	GlobalSection(SolutionConfigurationPlatforms) = preSolution
		Debug|Any CPU = Debug|Any CPU
		Release|Any CPU = Release|Any CPU
	EndGlobalSection
	GlobalSection(ProjectConfigurationPlatforms) = postSolution
		{52680BE3-0AD2-4D79-AFAD-71648242CB01}.Debug|Any CPU.ActiveCfg = Debug|Any CPU
		{52680BE3-0AD2-4D79-AFAD-71648242CB01}.Debug|Any CPU.Build.0 = Debug|Any CPU
		{52680BE3-0AD2-4D79-AFAD-71648242CB01}.Release|Any CPU.ActiveCfg = Release|Any CPU
		{52680BE3-0AD2-4D79-AFAD-71648242CB01}.Release|Any CPU.Build.0 = Release|Any CPU
	EndGlobalSection
	GlobalSection(SolutionProperties) = preSolution
		HideSolutionNode = FALSE
	EndGlobalSection
	GlobalSection(ExtensibilityGlobals) = postSolution
		SolutionGuid = {31D95515-4EED-4FD7-A3DE-4AA41EDC1BAB}
	EndGlobalSection
EndGlobal
